# This file is automatically @generated by Cargo.
# It is not intended for manual editing.
version = 3

[[package]]
name = "atomic-id"
version = "0.1.0"
source = "registry+https://github.com/rust-lang/crates.io-index"
checksum = "f9aa1fe1ef3fe816f7469ee2b356ea12a4a21cc03c3cf3566bdaad63e25a25c2"

[[package]]
name = "rust-vector-db"
version = "0.1.0"
dependencies = [
 "atomic-id",
]
